
Microsoft Visual Studio Solution File, Format Version 12.00
# Visual Studio Version 16
VisualStudioVersion = 16.0.33214.272
MinimumVisualStudioVersion = 10.0.40219.1
Project("{9A19103F-16F7-4668-BE54-9A1E7A4F7556}") = "BusinessEntites", "AffärsLager\BusinessEntites.csproj", "{85912D38-C26E-445D-B55F-5332F8370F49}"
EndProject
Project("{9A19103F-16F7-4668-BE54-9A1E7A4F7556}") = "DataLayer", "Datalager\DataLayer.csproj", "{1453B355-1D7A-497A-ABF4-63C5D50E5BBB}"
EndProject
Project("{9A19103F-16F7-4668-BE54-9A1E7A4F7556}") = "BusinessLayer", "Entiteter\BusinessLayer.csproj", "{4C2CF198-5992-4DFB-A9B8-407409FDE866}"
EndProject
Project("{9A19103F-16F7-4668-BE54-9A1E7A4F7556}") = "GUI", "GUI\GUI.csproj", "{18A267FD-334D-4DF6-A09B-50D5764C93A0}"
EndProject
Project("{9A19103F-16F7-4668-BE54-9A1E7A4F7556}") = "PresentationsLager.WPF", "PresentationsLager.WPF\PresentationsLager.WPF.csproj", "{CB4953EF-B86E-40F8-9C1B-D68C1A28B23B}"
EndProject
Project("{FAE04EC0-301F-11D3-BF4B-00C04F79EFBC}") = "PresentationsLager.WPF.MVVM", "PresentationsLager.WPF.MVVM\PresentationsLager.WPF.MVVM.csproj", "{5B3974B7-D32C-4266-9817-CB5438F1E703}"
EndProject
Global
	GlobalSection(SolutionConfigurationPlatforms) = preSolution
		Debug|Any CPU = Debug|Any CPU
		Release|Any CPU = Release|Any CPU
	EndGlobalSection
	GlobalSection(ProjectConfigurationPlatforms) = postSolution
		{85912D38-C26E-445D-B55F-5332F8370F49}.Debug|Any CPU.ActiveCfg = Debug|Any CPU
		{85912D38-C26E-445D-B55F-5332F8370F49}.Debug|Any CPU.Build.0 = Debug|Any CPU
		{85912D38-C26E-445D-B55F-5332F8370F49}.Release|Any CPU.ActiveCfg = Release|Any CPU
		{85912D38-C26E-445D-B55F-5332F8370F49}.Release|Any CPU.Build.0 = Release|Any CPU
		{1453B355-1D7A-497A-ABF4-63C5D50E5BBB}.Debug|Any CPU.ActiveCfg = Debug|Any CPU
		{1453B355-1D7A-497A-ABF4-63C5D50E5BBB}.Debug|Any CPU.Build.0 = Debug|Any CPU
		{1453B355-1D7A-497A-ABF4-63C5D50E5BBB}.Release|Any CPU.ActiveCfg = Release|Any CPU
		{1453B355-1D7A-497A-ABF4-63C5D50E5BBB}.Release|Any CPU.Build.0 = Release|Any CPU
		{4C2CF198-5992-4DFB-A9B8-407409FDE866}.Debug|Any CPU.ActiveCfg = Debug|Any CPU
		{4C2CF198-5992-4DFB-A9B8-407409FDE866}.Debug|Any CPU.Build.0 = Debug|Any CPU
		{4C2CF198-5992-4DFB-A9B8-407409FDE866}.Release|Any CPU.ActiveCfg = Release|Any CPU
		{4C2CF198-5992-4DFB-A9B8-407409FDE866}.Release|Any CPU.Build.0 = Release|Any CPU
		{18A267FD-334D-4DF6-A09B-50D5764C93A0}.Debug|Any CPU.ActiveCfg = Debug|Any CPU
		{18A267FD-334D-4DF6-A09B-50D5764C93A0}.Debug|Any CPU.Build.0 = Debug|Any CPU
		{18A267FD-334D-4DF6-A09B-50D5764C93A0}.Release|Any CPU.ActiveCfg = Release|Any CPU
		{18A267FD-334D-4DF6-A09B-50D5764C93A0}.Release|Any CPU.Build.0 = Release|Any CPU
		{CB4953EF-B86E-40F8-9C1B-D68C1A28B23B}.Debug|Any CPU.ActiveCfg = Debug|Any CPU
		{CB4953EF-B86E-40F8-9C1B-D68C1A28B23B}.Debug|Any CPU.Build.0 = Debug|Any CPU
		{CB4953EF-B86E-40F8-9C1B-D68C1A28B23B}.Release|Any CPU.ActiveCfg = Release|Any CPU
		{CB4953EF-B86E-40F8-9C1B-D68C1A28B23B}.Release|Any CPU.Build.0 = Release|Any CPU
		{5B3974B7-D32C-4266-9817-CB5438F1E703}.Debug|Any CPU.ActiveCfg = Debug|Any CPU
		{5B3974B7-D32C-4266-9817-CB5438F1E703}.Debug|Any CPU.Build.0 = Debug|Any CPU
		{5B3974B7-D32C-4266-9817-CB5438F1E703}.Release|Any CPU.ActiveCfg = Release|Any CPU
		{5B3974B7-D32C-4266-9817-CB5438F1E703}.Release|Any CPU.Build.0 = Release|Any CPU
	EndGlobalSection
	GlobalSection(SolutionProperties) = preSolution
		HideSolutionNode = FALSE
	EndGlobalSection
	GlobalSection(ExtensibilityGlobals) = postSolution
		SolutionGuid = {9DAD8D5D-C74D-4A20-B1F6-FE5CE267AAFA}
	EndGlobalSection
EndGlobal
